// !$*UTF8*$!
{
	archiveVersion = 1;
	classes = {
	};
	objectVersion = 50;
	objects = {

/* Begin PBXBuildFile section */
		07697B4B2603B31700041DC1 /* MyAwesomeProjectApp.swift in Sources */ = {isa = PBXBuildFile; fileRef = 07697B4A2603B31700041DC1 /* MyAwesomeProjectApp.swift */; };
		07697B4D2603B31700041DC1 /* ContentView.swift in Sources */ = {isa = PBXBuildFile; fileRef = 07697B4C2603B31700041DC1 /* ContentView.swift */; };
		07697B4F2603B31800041DC1 /* Assets.xcassets in Resources */ = {isa = PBXBuildFile; fileRef = 07697B4E2603B31800041DC1 /* Assets.xcassets */; };
		07697B522603B31800041DC1 /* Preview Assets.xcassets in Resources */ = {isa = PBXBuildFile; fileRef = 07697B512603B31800041DC1 /* Preview Assets.xcassets */; };
		07697B542603B31800041DC1 /* Persistence.swift in Sources */ = {isa = PBXBuildFile; fileRef = 07697B532603B31800041DC1 /* Persistence.swift */; };
		07697B572603B31800041DC1 /* MyAwesomeProject.xcdatamodeld in Sources */ = {isa = PBXBuildFile; fileRef = 07697B552603B31800041DC1 /* MyAwesomeProject.xcdatamodeld */; };
/* End PBXBuildFile section */

/* Begin PBXFileReference section */
		07697B472603B31700041DC1 /* MyAwesomeProject.app */ = {isa = PBXFileReference; explicitFileType = wrapper.application; includeInIndex = 0; path = MyAwesomeProject.app; sourceTree = BUILT_PRODUCTS_DIR; };
		07697B4A2603B31700041DC1 /* MyAwesomeProjectApp.swift */ = {isa = PBXFileReference; lastKnownFileType = sourcecode.swift; path = MyAwesomeProjectApp.swift; sourceTree = "<group>"; };
		07697B4C2603B31700041DC1 /* ContentView.swift */ = {isa = PBXFileReference; lastKnownFileType = sourcecode.swift; path = ContentView.swift; sourceTree = "<group>"; };
		07697B4E2603B31800041DC1 /* Assets.xcassets */ = {isa = PBXFileReference; lastKnownFileType = folder.assetcatalog; path = Assets.xcassets; sourceTree = "<group>"; };
		07697B512603B31800041DC1 /* Preview Assets.xcassets */ = {isa = PBXFileReference; lastKnownFileType = folder.assetcatalog; path = "Preview Assets.xcassets"; sourceTree = "<group>"; };
		07697B532603B31800041DC1 /* Persistence.swift */ = {isa = PBXFileReference; lastKnownFileType = sourcecode.swift; path = Persistence.swift; sourceTree = "<group>"; };
		07697B562603B31800041DC1 /* MyAwesomeProject.xcdatamodel */ = {isa = PBXFileReference; lastKnownFileType = wrapper.xcdatamodel; path = MyAwesomeProject.xcdatamodel; sourceTree = "<group>"; };
		07697B582603B31800041DC1 /* Info.plist */ = {isa = PBXFileReference; lastKnownFileType = text.plist.xml; path = Info.plist; sourceTree = "<group>"; };
/* End PBXFileReference section */

/* Begin PBXFrameworksBuildPhase section */
		07697B442603B31700041DC1 /* Frameworks */ = {
			isa = PBXFrameworksBuildPhase;
			buildActionMask = 2147483647;
			files = (
			);
			runOnlyForDeploymentPostprocessing = 0;
		};
/* End PBXFrameworksBuildPhase section */

/* Begin PBXGroup section */
		07697B3E2603B31700041DC1 = {
			isa = PBXGroup;
			children = (
				07697B492603B31700041DC1 /* MyAwesomeProject */,
				07697B482603B31700041DC1 /* Products */,
			);
			sourceTree = "<group>";
		};
		07697B482603B31700041DC1 /* Products */ = {
			isa = PBXGroup;
			children = (
				07697B472603B31700041DC1 /* MyAwesomeProject.app */,
			);
			name = Products;
			sourceTree = "<group>";
		};
		07697B492603B31700041DC1 /* MyAwesomeProject */ = {
			isa = PBXGroup;
			children = (
				07697B4A2603B31700041DC1 /* MyAwesomeProjectApp.swift */,
				07697B4C2603B31700041DC1 /* ContentView.swift */,
				07697B4E2603B31800041DC1 /* Assets.xcassets */,
				07697B532603B31800041DC1 /* Persistence.swift */,
				07697B582603B31800041DC1 /* Info.plist */,
				07697B552603B31800041DC1 /* MyAwesomeProject.xcdatamodeld */,
				07697B502603B31800041DC1 /* Preview Content */,
			);
			path = MyAwesomeProject;
			sourceTree = "<group>";
		};
		07697B502603B31800041DC1 /* Preview Content */ = {
			isa = PBXGroup;
			children = (
				07697B512603B31800041DC1 /* Preview Assets.xcassets */,
			);
			path = "Preview Content";
			sourceTree = "<group>";
		};
/* End PBXGroup section */

/* Begin PBXNativeTarget section */
		07697B462603B31700041DC1 /* MyAwesomeProject */ = {
			isa = PBXNativeTarget;
			buildConfigurationList = 07697B5B2603B31800041DC1 /* Build configuration list for PBXNativeTarget "MyAwesomeProject" */;
			buildPhases = (
				07697B432603B31700041DC1 /* Sources */,
				07697B442603B31700041DC1 /* Frameworks */,
				07697B452603B31700041DC1 /* Resources */,
			);
			buildRules = (
			);
			dependencies = (
			);
			name = MyAwesomeProject;
			productName = MyAwesomeProject;
			productReference = 07697B472603B31700041DC1 /* MyAwesomeProject.app */;
			productType = "com.apple.product-type.application";
		};
/* End PBXNativeTarget section */

/* Begin PBXProject section */
		07697B3F2603B31700041DC1 /* Project object */ = {
			isa = PBXProject;
			attributes = {
				LastSwiftUpdateCheck = 1240;
				LastUpgradeCheck = 1240;
				TargetAttributes = {
					07697B462603B31700041DC1 = {
						CreatedOnToolsVersion = 12.4;
					};
				};
			};
			buildConfigurationList = 07697B422603B31700041DC1 /* Build configuration list for PBXProject "MyAwesomeProject" */;
			compatibilityVersion = "Xcode 9.3";
			developmentRegion = en;
			hasScannedForEncodings = 0;
			knownRegions = (
				en,
				Base,
			);
			mainGroup = 07697B3E2603B31700041DC1;
			productRefGroup = 07697B482603B31700041DC1 /* Products */;
			projectDirPath = "";
			projectRoot = "";
			targets = (
				07697B462603B31700041DC1 /* MyAwesomeProject */,
			);
		};
/* End PBXProject section */

/* Begin PBXResourcesBuildPhase section */
		07697B452603B31700041DC1 /* Resources */ = {
			isa = PBXResourcesBuildPhase;
			buildActionMask = 2147483647;
			files = (
				07697B522603B31800041DC1 /* Preview Assets.xcassets in Resources */,
				07697B4F2603B31800041DC1 /* Assets.xcassets in Resources */,
			);
			runOnlyForDeploymentPostprocessing = 0;
		};
/* End PBXResourcesBuildPhase section */

/* Begin PBXSourcesBuildPhase section */
		07697B432603B31700041DC1 /* Sources */ = {
			isa = PBXSourcesBuildPhase;
			buildActionMask = 2147483647;
			files = (
				07697B542603B31800041DC1 /* Persistence.swift in Sources */,
				07697B4D2603B31700041DC1 /* ContentView.swift in Sources */,
				07697B4B2603B31700041DC1 /* MyAwesomeProjectApp.swift in Sources */,
				07697B572603B31800041DC1 /* MyAwesomeProject.xcdatamodeld in Sources */,
			);
			runOnlyForDeploymentPostprocessing = 0;
		};
/* End PBXSourcesBuildPhase section */

/* Begin XCBuildConfiguration section */
		07697B592603B31800041DC1 /* Debug */ = {
			isa = XCBuildConfiguration;
			buildSettings = {
				ALWAYS_SEARCH_USER_PATHS = NO;
				CLANG_ANALYZER_NONNULL = YES;
				CLANG_ANALYZER_NUMBER_OBJECT_CONVERSION = YES_AGGRESSIVE;
				CLANG_CXX_LANGUAGE_STANDARD = "gnu++14";
				CLANG_CXX_LIBRARY = "libc++";
				CLANG_ENABLE_MODULES = YES;
				CLANG_ENABLE_OBJC_ARC = YES;
				CLANG_ENABLE_OBJC_WEAK = YES;
				CLANG_WARN_BLOCK_CAPTURE_AUTORELEASING = YES;
				CLANG_WARN_BOOL_CONVERSION = YES;
				CLANG_WARN_COMMA = YES;
				CLANG_WARN_CONSTANT_CONVERSION = YES;
				CLANG_WARN_DEPRECATED_OBJC_IMPLEMENTATIONS = YES;
				CLANG_WARN_DIRECT_OBJC_ISA_USAGE = YES_ERROR;
				CLANG_WARN_DOCUMENTATION_COMMENTS = YES;
				CLANG_WARN_EMPTY_BODY = YES;
				CLANG_WARN_ENUM_CONVERSION = YES;
				CLANG_WARN_INFINITE_RECURSION = YES;
				CLANG_WARN_INT_CONVERSION = YES;
				CLANG_WARN_NON_LITERAL_NULL_CONVERSION = YES;
				CLANG_WARN_OBJC_IMPLICIT_RETAIN_SELF = YES;
				CLANG_WARN_OBJC_LITERAL_CONVERSION = YES;
				CLANG_WARN_OBJC_ROOT_CLASS = YES_ERROR;
				CLANG_WARN_QUOTED_INCLUDE_IN_FRAMEWORK_HEADER = YES;
				CLANG_WARN_RANGE_LOOP_ANALYSIS = YES;
				CLANG_WARN_STRICT_PROTOTYPES = YES;
				CLANG_WARN_SUSPICIOUS_MOVE = YES;
				CLANG_WARN_UNGUARDED_AVAILABILITY = YES_AGGRESSIVE;
				CLANG_WARN_UNREACHABLE_CODE = YES;
				CLANG_WARN__DUPLICATE_METHOD_MATCH = YES;
				COPY_PHASE_STRIP = NO;
				DEBUG_INFORMATION_FORMAT = dwarf;
				ENABLE_STRICT_OBJC_MSGSEND = YES;
				ENABLE_TESTABILITY = YES;
				GCC_C_LANGUAGE_STANDARD = gnu11;
				GCC_DYNAMIC_NO_PIC = NO;
				GCC_NO_COMMON_BLOCKS = YES;
				GCC_OPTIMIZATION_LEVEL = 0;
				GCC_PREPROCESSOR_DEFINITIONS = (
					"DEBUG=1",
					"$(inherited)",
				);
				GCC_WARN_64_TO_32_BIT_CONVERSION = YES;
				GCC_WARN_ABOUT_RETURN_TYPE = YES_ERROR;
				GCC_WARN_UNDECLARED_SELECTOR = YES;
				GCC_WARN_UNINITIALIZED_AUTOS = YES_AGGRESSIVE;
				GCC_WARN_UNUSED_FUNCTION = YES;
				GCC_WARN_UNUSED_VARIABLE = YES;
				IPHONEOS_DEPLOYMENT_TARGET = 14.4;
				MTL_ENABLE_DEBUG_INFO = INCLUDE_SOURCE;
				MTL_FAST_MATH = YES;
				ONLY_ACTIVE_ARCH = YES;
				SDKROOT = iphoneos;
				SWIFT_ACTIVE_COMPILATION_CONDITIONS = DEBUG;
				SWIFT_OPTIMIZATION_LEVEL = "-Onone";
			};
			name = Debug;
		};
		07697B5A2603B31800041DC1 /* Release */ = {
			isa = XCBuildConfiguration;
			buildSettings = {
				ALWAYS_SEARCH_USER_PATHS = NO;
				CLANG_ANALYZER_NONNULL = YES;
				CLANG_ANALYZER_NUMBER_OBJECT_CONVERSION = YES_AGGRESSIVE;
				CLANG_CXX_LANGUAGE_STANDARD = "gnu++14";
				CLANG_CXX_LIBRARY = "libc++";
				CLANG_ENABLE_MODULES = YES;
				CLANG_ENABLE_OBJC_ARC = YES;
				CLANG_ENABLE_OBJC_WEAK = YES;
				CLANG_WARN_BLOCK_CAPTURE_AUTORELEASING = YES;
				CLANG_WARN_BOOL_CONVERSION = YES;
				CLANG_WARN_COMMA = YES;
				CLANG_WARN_CONSTANT_CONVERSION = YES;
				CLANG_WARN_DEPRECATED_OBJC_IMPLEMENTATIONS = YES;
				CLANG_WARN_DIRECT_OBJC_ISA_USAGE = YES_ERROR;
				CLANG_WARN_DOCUMENTATION_COMMENTS = YES;
				CLANG_WARN_EMPTY_BODY = YES;
				CLANG_WARN_ENUM_CONVERSION = YES;
				CLANG_WARN_INFINITE_RECURSION = YES;
				CLANG_WARN_INT_CONVERSION = YES;
				CLANG_WARN_NON_LITERAL_NULL_CONVERSION = YES;
				CLANG_WARN_OBJC_IMPLICIT_RETAIN_SELF = YES;
				CLANG_WARN_OBJC_LITERAL_CONVERSION = YES;
				CLANG_WARN_OBJC_ROOT_CLASS = YES_ERROR;
				CLANG_WARN_QUOTED_INCLUDE_IN_FRAMEWORK_HEADER = YES;
				CLANG_WARN_RANGE_LOOP_ANALYSIS = YES;
				CLANG_WARN_STRICT_PROTOTYPES = YES;
				CLANG_WARN_SUSPICIOUS_MOVE = YES;
				CLANG_WARN_UNGUARDED_AVAILABILITY = YES_AGGRESSIVE;
				CLANG_WARN_UNREACHABLE_CODE = YES;
				CLANG_WARN__DUPLICATE_METHOD_MATCH = YES;
				COPY_PHASE_STRIP = NO;
				DEBUG_INFORMATION_FORMAT = "dwarf-with-dsym";
				ENABLE_NS_ASSERTIONS = NO;
				ENABLE_STRICT_OBJC_MSGSEND = YES;
				GCC_C_LANGUAGE_STANDARD = gnu11;
				GCC_NO_COMMON_BLOCKS = YES;
				GCC_WARN_64_TO_32_BIT_CONVERSION = YES;
				GCC_WARN_ABOUT_RETURN_TYPE = YES_ERROR;
				GCC_WARN_UNDECLARED_SELECTOR = YES;
				GCC_WARN_UNINITIALIZED_AUTOS = YES_AGGRESSIVE;
				GCC_WARN_UNUSED_FUNCTION = YES;
				GCC_WARN_UNUSED_VARIABLE = YES;
				IPHONEOS_DEPLOYMENT_TARGET = 14.4;
				MTL_ENABLE_DEBUG_INFO = NO;
				MTL_FAST_MATH = YES;
				SDKROOT = iphoneos;
				SWIFT_COMPILATION_MODE = wholemodule;
				SWIFT_OPTIMIZATION_LEVEL = "-O";
				VALIDATE_PRODUCT = YES;
			};
			name = Release;
		};
		07697B5C2603B31800041DC1 /* Debug */ = {
			isa = XCBuildConfiguration;
			buildSettings = {
				ASSETCATALOG_COMPILER_APPICON_NAME = AppIcon;
				ASSETCATALOG_COMPILER_GLOBAL_ACCENT_COLOR_NAME = AccentColor;
				CODE_SIGN_STYLE = Automatic;
				DEVELOPMENT_ASSET_PATHS = "\"MyAwesomeProject/Preview Content\"";
				DEVELOPMENT_TEAM = KQU7CTG72N;
				ENABLE_PREVIEWS = YES;
				INFOPLIST_FILE = MyAwesomeProject/Info.plist;
				IPHONEOS_DEPLOYMENT_TARGET = 14.0;
				LD_RUNPATH_SEARCH_PATHS = (
					"$(inherited)",
					"@executable_path/Frameworks",
				);
				PRODUCT_BUNDLE_IDENTIFIER = ca.toutain.mitch.MyAwesomeProject;
				PRODUCT_NAME = "$(TARGET_NAME)";
				SWIFT_VERSION = 5.0;
				TARGETED_DEVICE_FAMILY = "1,2";
			};
			name = Debug;
		};
		07697B5D2603B31800041DC1 /* Release */ = {
			isa = XCBuildConfiguration;
			buildSettings = {
				ASSETCATALOG_COMPILER_APPICON_NAME = AppIcon;
				ASSETCATALOG_COMPILER_GLOBAL_ACCENT_COLOR_NAME = AccentColor;
				CODE_SIGN_STYLE = Automatic;
				DEVELOPMENT_ASSET_PATHS = "\"MyAwesomeProject/Preview Content\"";
				DEVELOPMENT_TEAM = KQU7CTG72N;
				ENABLE_PREVIEWS = YES;
				INFOPLIST_FILE = MyAwesomeProject/Info.plist;
				IPHONEOS_DEPLOYMENT_TARGET = 14.0;
				LD_RUNPATH_SEARCH_PATHS = (
					"$(inherited)",
					"@executable_path/Frameworks",
				);
				PRODUCT_BUNDLE_IDENTIFIER = ca.toutain.mitch.MyAwesomeProject;
				PRODUCT_NAME = "$(TARGET_NAME)";
				SWIFT_VERSION = 5.0;
				TARGETED_DEVICE_FAMILY = "1,2";
			};
			name = Release;
		};
/* End XCBuildConfiguration section */

/* Begin XCConfigurationList section */
		07697B422603B31700041DC1 /* Build configuration list for PBXProject "MyAwesomeProject" */ = {
			isa = XCConfigurationList;
			buildConfigurations = (
				07697B592603B31800041DC1 /* Debug */,
				07697B5A2603B31800041DC1 /* Release */,
			);
			defaultConfigurationIsVisible = 0;
			defaultConfigurationName = Release;
		};
		07697B5B2603B31800041DC1 /* Build configuration list for PBXNativeTarget "MyAwesomeProject" */ = {
			isa = XCConfigurationList;
			buildConfigurations = (
				07697B5C2603B31800041DC1 /* Debug */,
				07697B5D2603B31800041DC1 /* Release */,
			);
			defaultConfigurationIsVisible = 0;
			defaultConfigurationName = Release;
		};
/* End XCConfigurationList section */

/* Begin XCVersionGroup section */
		07697B552603B31800041DC1 /* MyAwesomeProject.xcdatamodeld */ = {
			isa = XCVersionGroup;
			children = (
				07697B562603B31800041DC1 /* MyAwesomeProject.xcdatamodel */,
			);
			currentVersion = 07697B562603B31800041DC1 /* MyAwesomeProject.xcdatamodel */;
			path = MyAwesomeProject.xcdatamodeld;
			sourceTree = "<group>";
			versionGroupType = wrapper.xcdatamodel;
		};
/* End XCVersionGroup section */
	};
	rootObject = 07697B3F2603B31700041DC1 /* Project object */;
}
